// !$*UTF8*$!
{
	archiveVersion = 1;
	classes = {
	};
	objectVersion = 46;
	objects = {

/* Begin PBXBuildFile section */
		1330EDD31375CE1100940DDB /* UIKit.framework in Frameworks */ = {isa = PBXBuildFile; fileRef = 1330EDD21375CE1100940DDB /* UIKit.framework */; };
		1330EDD51375CE1100940DDB /* Foundation.framework in Frameworks */ = {isa = PBXBuildFile; fileRef = 1330EDD41375CE1100940DDB /* Foundation.framework */; };
		1330EDD71375CE1100940DDB /* CoreGraphics.framework in Frameworks */ = {isa = PBXBuildFile; fileRef = 1330EDD61375CE1100940DDB /* CoreGraphics.framework */; };
		1330EDDD1375CE1100940DDB /* InfoPlist.strings in Resources */ = {isa = PBXBuildFile; fileRef = 1330EDDB1375CE1100940DDB /* InfoPlist.strings */; };
		1330EDE01375CE1100940DDB /* main.m in Sources */ = {isa = PBXBuildFile; fileRef = 1330EDDF1375CE1100940DDB /* main.m */; };
		1330EDE31375CE1100940DDB /* FindItNowAppDelegate.m in Sources */ = {isa = PBXBuildFile; fileRef = 1330EDE21375CE1100940DDB /* FindItNowAppDelegate.m */; };
		1330EDE61375CE1100940DDB /* MainWindow.xib in Resources */ = {isa = PBXBuildFile; fileRef = 1330EDE41375CE1100940DDB /* MainWindow.xib */; };
		1330EDE91375CE1100940DDB /* FindItNowViewController.m in Sources */ = {isa = PBXBuildFile; fileRef = 1330EDE81375CE1100940DDB /* FindItNowViewController.m */; };
		1330EDEC1375CE1100940DDB /* FindItNowViewController.xib in Resources */ = {isa = PBXBuildFile; fileRef = 1330EDEA1375CE1100940DDB /* FindItNowViewController.xib */; };
		1330EDF31375CE1100940DDB /* UIKit.framework in Frameworks */ = {isa = PBXBuildFile; fileRef = 1330EDD21375CE1100940DDB /* UIKit.framework */; };
		1330EDF41375CE1100940DDB /* Foundation.framework in Frameworks */ = {isa = PBXBuildFile; fileRef = 1330EDD41375CE1100940DDB /* Foundation.framework */; };
		1330EDF51375CE1100940DDB /* CoreGraphics.framework in Frameworks */ = {isa = PBXBuildFile; fileRef = 1330EDD61375CE1100940DDB /* CoreGraphics.framework */; };
		1330EDFD1375CE1100940DDB /* InfoPlist.strings in Resources */ = {isa = PBXBuildFile; fileRef = 1330EDFB1375CE1100940DDB /* InfoPlist.strings */; };
		1330EE001375CE1100940DDB /* FindItNowTests.h in Resources */ = {isa = PBXBuildFile; fileRef = 1330EDFF1375CE1100940DDB /* FindItNowTests.h */; };
		1330EE021375CE1100940DDB /* FindItNowTests.m in Sources */ = {isa = PBXBuildFile; fileRef = 1330EE011375CE1100940DDB /* FindItNowTests.m */; };
		1330EE0C1375CE3E00940DDB /* MapKit.framework in Frameworks */ = {isa = PBXBuildFile; fileRef = 1330EE0B1375CE3E00940DDB /* MapKit.framework */; };
		EA6007FA13E12A6F00ECE0F8 /* MenuViewController.m in Sources */ = {isa = PBXBuildFile; fileRef = EA6007F813E12A6F00ECE0F8 /* MenuViewController.m */; };
		EA6007FB13E12A6F00ECE0F8 /* MenuViewController.xib in Resources */ = {isa = PBXBuildFile; fileRef = EA6007F913E12A6F00ECE0F8 /* MenuViewController.xib */; };
		EA6007FF13E12E5100ECE0F8 /* BuildingViewController.m in Sources */ = {isa = PBXBuildFile; fileRef = EA6007FD13E12E5100ECE0F8 /* BuildingViewController.m */; };
		EA60080013E12E5100ECE0F8 /* BuildingViewController.xib in Resources */ = {isa = PBXBuildFile; fileRef = EA6007FE13E12E5100ECE0F8 /* BuildingViewController.xib */; };
		EAB1995713CA843600B6428C /* MapView.m in Sources */ = {isa = PBXBuildFile; fileRef = EAB1995613CA843500B6428C /* MapView.m */; };
/* End PBXBuildFile section */

/* Begin PBXContainerItemProxy section */
		1330EDF61375CE1100940DDB /* PBXContainerItemProxy */ = {
			isa = PBXContainerItemProxy;
			containerPortal = 1330EDC51375CE1000940DDB /* Project object */;
			proxyType = 1;
			remoteGlobalIDString = 1330EDCD1375CE1000940DDB;
			remoteInfo = FindItNow;
		};
/* End PBXContainerItemProxy section */

/* Begin PBXFileReference section */
		1330EDCE1375CE1000940DDB /* FindItNow.app */ = {isa = PBXFileReference; explicitFileType = wrapper.application; includeInIndex = 0; path = FindItNow.app; sourceTree = BUILT_PRODUCTS_DIR; };
		1330EDD21375CE1100940DDB /* UIKit.framework */ = {isa = PBXFileReference; lastKnownFileType = wrapper.framework; name = UIKit.framework; path = System/Library/Frameworks/UIKit.framework; sourceTree = SDKROOT; };
		1330EDD41375CE1100940DDB /* Foundation.framework */ = {isa = PBXFileReference; lastKnownFileType = wrapper.framework; name = Foundation.framework; path = System/Library/Frameworks/Foundation.framework; sourceTree = SDKROOT; };
		1330EDD61375CE1100940DDB /* CoreGraphics.framework */ = {isa = PBXFileReference; lastKnownFileType = wrapper.framework; name = CoreGraphics.framework; path = System/Library/Frameworks/CoreGraphics.framework; sourceTree = SDKROOT; };
		1330EDDA1375CE1100940DDB /* FindItNow-Info.plist */ = {isa = PBXFileReference; lastKnownFileType = text.plist.xml; path = "FindItNow-Info.plist"; sourceTree = "<group>"; };
		1330EDDC1375CE1100940DDB /* en */ = {isa = PBXFileReference; lastKnownFileType = text.plist.strings; name = en; path = en.lproj/InfoPlist.strings; sourceTree = "<group>"; };
		1330EDDE1375CE1100940DDB /* FindItNow-Prefix.pch */ = {isa = PBXFileReference; lastKnownFileType = sourcecode.c.h; path = "FindItNow-Prefix.pch"; sourceTree = "<group>"; };
		1330EDDF1375CE1100940DDB /* main.m */ = {isa = PBXFileReference; lastKnownFileType = sourcecode.c.objc; path = main.m; sourceTree = "<group>"; };
		1330EDE11375CE1100940DDB /* FindItNowAppDelegate.h */ = {isa = PBXFileReference; lastKnownFileType = sourcecode.c.h; path = FindItNowAppDelegate.h; sourceTree = "<group>"; };
		1330EDE21375CE1100940DDB /* FindItNowAppDelegate.m */ = {isa = PBXFileReference; lastKnownFileType = sourcecode.c.objc; path = FindItNowAppDelegate.m; sourceTree = "<group>"; };
		1330EDE51375CE1100940DDB /* en */ = {isa = PBXFileReference; lastKnownFileType = file.xib; name = en; path = en.lproj/MainWindow.xib; sourceTree = "<group>"; };
		1330EDE71375CE1100940DDB /* FindItNowViewController.h */ = {isa = PBXFileReference; lastKnownFileType = sourcecode.c.h; path = FindItNowViewController.h; sourceTree = "<group>"; };
		1330EDE81375CE1100940DDB /* FindItNowViewController.m */ = {isa = PBXFileReference; lastKnownFileType = sourcecode.c.objc; path = FindItNowViewController.m; sourceTree = "<group>"; };
		1330EDEB1375CE1100940DDB /* en */ = {isa = PBXFileReference; lastKnownFileType = file.xib; name = en; path = en.lproj/FindItNowViewController.xib; sourceTree = "<group>"; };
		1330EDF21375CE1100940DDB /* FindItNowTests.octest */ = {isa = PBXFileReference; explicitFileType = wrapper.cfbundle; includeInIndex = 0; path = FindItNowTests.octest; sourceTree = BUILT_PRODUCTS_DIR; };
		1330EDFA1375CE1100940DDB /* FindItNowTests-Info.plist */ = {isa = PBXFileReference; lastKnownFileType = text.plist.xml; path = "FindItNowTests-Info.plist"; sourceTree = "<group>"; };
		1330EDFC1375CE1100940DDB /* en */ = {isa = PBXFileReference; lastKnownFileType = text.plist.strings; name = en; path = en.lproj/InfoPlist.strings; sourceTree = "<group>"; };
		1330EDFE1375CE1100940DDB /* FindItNowTests-Prefix.pch */ = {isa = PBXFileReference; lastKnownFileType = sourcecode.c.h; path = "FindItNowTests-Prefix.pch"; sourceTree = "<group>"; };
		1330EDFF1375CE1100940DDB /* FindItNowTests.h */ = {isa = PBXFileReference; lastKnownFileType = sourcecode.c.h; path = FindItNowTests.h; sourceTree = "<group>"; };
		1330EE011375CE1100940DDB /* FindItNowTests.m */ = {isa = PBXFileReference; lastKnownFileType = sourcecode.c.objc; path = FindItNowTests.m; sourceTree = "<group>"; };
		1330EE0B1375CE3E00940DDB /* MapKit.framework */ = {isa = PBXFileReference; lastKnownFileType = wrapper.framework; name = MapKit.framework; path = System/Library/Frameworks/MapKit.framework; sourceTree = SDKROOT; };
		EA6007F713E12A6F00ECE0F8 /* MenuViewController.h */ = {isa = PBXFileReference; fileEncoding = 4; lastKnownFileType = sourcecode.c.h; path = MenuViewController.h; sourceTree = "<group>"; };
		EA6007F813E12A6F00ECE0F8 /* MenuViewController.m */ = {isa = PBXFileReference; fileEncoding = 4; lastKnownFileType = sourcecode.c.objc; path = MenuViewController.m; sourceTree = "<group>"; };
		EA6007F913E12A6F00ECE0F8 /* MenuViewController.xib */ = {isa = PBXFileReference; fileEncoding = 4; lastKnownFileType = file.xib; path = MenuViewController.xib; sourceTree = "<group>"; };
		EA6007FC13E12E5100ECE0F8 /* BuildingViewController.h */ = {isa = PBXFileReference; fileEncoding = 4; lastKnownFileType = sourcecode.c.h; path = BuildingViewController.h; sourceTree = "<group>"; };
		EA6007FD13E12E5100ECE0F8 /* BuildingViewController.m */ = {isa = PBXFileReference; fileEncoding = 4; lastKnownFileType = sourcecode.c.objc; path = BuildingViewController.m; sourceTree = "<group>"; };
		EA6007FE13E12E5100ECE0F8 /* BuildingViewController.xib */ = {isa = PBXFileReference; fileEncoding = 4; lastKnownFileType = file.xib; path = BuildingViewController.xib; sourceTree = "<group>"; };
		EAB1995513CA843500B6428C /* MapView.h */ = {isa = PBXFileReference; fileEncoding = 4; lastKnownFileType = sourcecode.c.h; path = MapView.h; sourceTree = "<group>"; };
		EAB1995613CA843500B6428C /* MapView.m */ = {isa = PBXFileReference; fileEncoding = 4; lastKnownFileType = sourcecode.c.objc; path = MapView.m; sourceTree = "<group>"; };
/* End PBXFileReference section */

/* Begin PBXFrameworksBuildPhase section */
		1330EDCB1375CE1000940DDB /* Frameworks */ = {
			isa = PBXFrameworksBuildPhase;
			buildActionMask = 2147483647;
			files = (
				1330EE0C1375CE3E00940DDB /* MapKit.framework in Frameworks */,
				1330EDD31375CE1100940DDB /* UIKit.framework in Frameworks */,
				1330EDD51375CE1100940DDB /* Foundation.framework in Frameworks */,
				1330EDD71375CE1100940DDB /* CoreGraphics.framework in Frameworks */,
			);
			runOnlyForDeploymentPostprocessing = 0;
		};
		1330EDEE1375CE1100940DDB /* Frameworks */ = {
			isa = PBXFrameworksBuildPhase;
			buildActionMask = 2147483647;
			files = (
				1330EDF31375CE1100940DDB /* UIKit.framework in Frameworks */,
				1330EDF41375CE1100940DDB /* Foundation.framework in Frameworks */,
				1330EDF51375CE1100940DDB /* CoreGraphics.framework in Frameworks */,
			);
			runOnlyForDeploymentPostprocessing = 0;
		};
/* End PBXFrameworksBuildPhase section */

/* Begin PBXGroup section */
		1330EDC31375CE1000940DDB = {
			isa = PBXGroup;
			children = (
				1330EE0B1375CE3E00940DDB /* MapKit.framework */,
				1330EDD81375CE1100940DDB /* FindItNow */,
				1330EDF81375CE1100940DDB /* FindItNowTests */,
				1330EDD11375CE1000940DDB /* Frameworks */,
				1330EDCF1375CE1000940DDB /* Products */,
			);
			sourceTree = "<group>";
		};
		1330EDCF1375CE1000940DDB /* Products */ = {
			isa = PBXGroup;
			children = (
				1330EDCE1375CE1000940DDB /* FindItNow.app */,
				1330EDF21375CE1100940DDB /* FindItNowTests.octest */,
			);
			name = Products;
			sourceTree = "<group>";
		};
		1330EDD11375CE1000940DDB /* Frameworks */ = {
			isa = PBXGroup;
			children = (
				1330EDD21375CE1100940DDB /* UIKit.framework */,
				1330EDD41375CE1100940DDB /* Foundation.framework */,
				1330EDD61375CE1100940DDB /* CoreGraphics.framework */,
			);
			name = Frameworks;
			sourceTree = "<group>";
		};
		1330EDD81375CE1100940DDB /* FindItNow */ = {
			isa = PBXGroup;
			children = (
				1330EDE11375CE1100940DDB /* FindItNowAppDelegate.h */,
				1330EDE21375CE1100940DDB /* FindItNowAppDelegate.m */,
				1330EDE41375CE1100940DDB /* MainWindow.xib */,
				1330EDE71375CE1100940DDB /* FindItNowViewController.h */,
				1330EDE81375CE1100940DDB /* FindItNowViewController.m */,
				1330EDEA1375CE1100940DDB /* FindItNowViewController.xib */,
				EA6007FC13E12E5100ECE0F8 /* BuildingViewController.h */,
				EA6007FD13E12E5100ECE0F8 /* BuildingViewController.m */,
				EA6007FE13E12E5100ECE0F8 /* BuildingViewController.xib */,
				EAB1995513CA843500B6428C /* MapView.h */,
				EAB1995613CA843500B6428C /* MapView.m */,
				EA6007F713E12A6F00ECE0F8 /* MenuViewController.h */,
				EA6007F813E12A6F00ECE0F8 /* MenuViewController.m */,
				EA6007F913E12A6F00ECE0F8 /* MenuViewController.xib */,
				1330EDD91375CE1100940DDB /* Supporting Files */,
			);
			path = FindItNow;
			sourceTree = "<group>";
		};
		1330EDD91375CE1100940DDB /* Supporting Files */ = {
			isa = PBXGroup;
			children = (
				1330EDDA1375CE1100940DDB /* FindItNow-Info.plist */,
				1330EDDB1375CE1100940DDB /* InfoPlist.strings */,
				1330EDDE1375CE1100940DDB /* FindItNow-Prefix.pch */,
				1330EDDF1375CE1100940DDB /* main.m */,
			);
			name = "Supporting Files";
			sourceTree = "<group>";
		};
		1330EDF81375CE1100940DDB /* FindItNowTests */ = {
			isa = PBXGroup;
			children = (
				1330EDFF1375CE1100940DDB /* FindItNowTests.h */,
				1330EE011375CE1100940DDB /* FindItNowTests.m */,
				1330EDF91375CE1100940DDB /* Supporting Files */,
			);
			path = FindItNowTests;
			sourceTree = "<group>";
		};
		1330EDF91375CE1100940DDB /* Supporting Files */ = {
			isa = PBXGroup;
			children = (
				1330EDFA1375CE1100940DDB /* FindItNowTests-Info.plist */,
				1330EDFB1375CE1100940DDB /* InfoPlist.strings */,
				1330EDFE1375CE1100940DDB /* FindItNowTests-Prefix.pch */,
			);
			name = "Supporting Files";
			sourceTree = "<group>";
		};
/* End PBXGroup section */

/* Begin PBXNativeTarget section */
		1330EDCD1375CE1000940DDB /* FindItNow */ = {
			isa = PBXNativeTarget;
			buildConfigurationList = 1330EE051375CE1100940DDB /* Build configuration list for PBXNativeTarget "FindItNow" */;
			buildPhases = (
				1330EDCA1375CE1000940DDB /* Sources */,
				1330EDCB1375CE1000940DDB /* Frameworks */,
				1330EDCC1375CE1000940DDB /* Resources */,
			);
			buildRules = (
			);
			dependencies = (
			);
			name = FindItNow;
			productName = FindItNow;
			productReference = 1330EDCE1375CE1000940DDB /* FindItNow.app */;
			productType = "com.apple.product-type.application";
		};
		1330EDF11375CE1100940DDB /* FindItNowTests */ = {
			isa = PBXNativeTarget;
			buildConfigurationList = 1330EE081375CE1100940DDB /* Build configuration list for PBXNativeTarget "FindItNowTests" */;
			buildPhases = (
				1330EDED1375CE1100940DDB /* Sources */,
				1330EDEE1375CE1100940DDB /* Frameworks */,
				1330EDEF1375CE1100940DDB /* Resources */,
				1330EDF01375CE1100940DDB /* ShellScript */,
			);
			buildRules = (
			);
			dependencies = (
				1330EDF71375CE1100940DDB /* PBXTargetDependency */,
			);
			name = FindItNowTests;
			productName = FindItNowTests;
			productReference = 1330EDF21375CE1100940DDB /* FindItNowTests.octest */;
			productType = "com.apple.product-type.bundle";
		};
/* End PBXNativeTarget section */

/* Begin PBXProject section */
		1330EDC51375CE1000940DDB /* Project object */ = {
			isa = PBXProject;
			attributes = {
				ORGANIZATIONNAME = "University of Washington";
			};
			buildConfigurationList = 1330EDC81375CE1000940DDB /* Build configuration list for PBXProject "FindItNow" */;
			compatibilityVersion = "Xcode 3.2";
			developmentRegion = English;
			hasScannedForEncodings = 0;
			knownRegions = (
				en,
			);
			mainGroup = 1330EDC31375CE1000940DDB;
			productRefGroup = 1330EDCF1375CE1000940DDB /* Products */;
			projectDirPath = "";
			projectRoot = "";
			targets = (
				1330EDCD1375CE1000940DDB /* FindItNow */,
				1330EDF11375CE1100940DDB /* FindItNowTests */,
			);
		};
/* End PBXProject section */

/* Begin PBXResourcesBuildPhase section */
		1330EDCC1375CE1000940DDB /* Resources */ = {
			isa = PBXResourcesBuildPhase;
			buildActionMask = 2147483647;
			files = (
				1330EDDD1375CE1100940DDB /* InfoPlist.strings in Resources */,
				1330EDE61375CE1100940DDB /* MainWindow.xib in Resources */,
				1330EDEC1375CE1100940DDB /* FindItNowViewController.xib in Resources */,
				EA6007FB13E12A6F00ECE0F8 /* MenuViewController.xib in Resources */,
				EA60080013E12E5100ECE0F8 /* BuildingViewController.xib in Resources */,
			);
			runOnlyForDeploymentPostprocessing = 0;
		};
		1330EDEF1375CE1100940DDB /* Resources */ = {
			isa = PBXResourcesBuildPhase;
			buildActionMask = 2147483647;
			files = (
				1330EDFD1375CE1100940DDB /* InfoPlist.strings in Resources */,
				1330EE001375CE1100940DDB /* FindItNowTests.h in Resources */,
			);
			runOnlyForDeploymentPostprocessing = 0;
		};
/* End PBXResourcesBuildPhase section */

/* Begin PBXShellScriptBuildPhase section */
		1330EDF01375CE1100940DDB /* ShellScript */ = {
			isa = PBXShellScriptBuildPhase;
			buildActionMask = 2147483647;
			files = (
			);
			inputPaths = (
			);
			outputPaths = (
			);
			runOnlyForDeploymentPostprocessing = 0;
			shellPath = /bin/sh;
			shellScript = "# Run the unit tests in this test bundle.\n\"${SYSTEM_DEVELOPER_DIR}/Tools/RunUnitTests\"\n";
		};
/* End PBXShellScriptBuildPhase section */

/* Begin PBXSourcesBuildPhase section */
		1330EDCA1375CE1000940DDB /* Sources */ = {
			isa = PBXSourcesBuildPhase;
			buildActionMask = 2147483647;
			files = (
				1330EDE01375CE1100940DDB /* main.m in Sources */,
				1330EDE31375CE1100940DDB /* FindItNowAppDelegate.m in Sources */,
				1330EDE91375CE1100940DDB /* FindItNowViewController.m in Sources */,
				EAB1995713CA843600B6428C /* MapView.m in Sources */,
				EA6007FA13E12A6F00ECE0F8 /* MenuViewController.m in Sources */,
				EA6007FF13E12E5100ECE0F8 /* BuildingViewController.m in Sources */,
			);
			runOnlyForDeploymentPostprocessing = 0;
		};
		1330EDED1375CE1100940DDB /* Sources */ = {
			isa = PBXSourcesBuildPhase;
			buildActionMask = 2147483647;
			files = (
				1330EE021375CE1100940DDB /* FindItNowTests.m in Sources */,
			);
			runOnlyForDeploymentPostprocessing = 0;
		};
/* End PBXSourcesBuildPhase section */

/* Begin PBXTargetDependency section */
		1330EDF71375CE1100940DDB /* PBXTargetDependency */ = {
			isa = PBXTargetDependency;
			target = 1330EDCD1375CE1000940DDB /* FindItNow */;
			targetProxy = 1330EDF61375CE1100940DDB /* PBXContainerItemProxy */;
		};
/* End PBXTargetDependency section */

/* Begin PBXVariantGroup section */
		1330EDDB1375CE1100940DDB /* InfoPlist.strings */ = {
			isa = PBXVariantGroup;
			children = (
				1330EDDC1375CE1100940DDB /* en */,
			);
			name = InfoPlist.strings;
			sourceTree = "<group>";
		};
		1330EDE41375CE1100940DDB /* MainWindow.xib */ = {
			isa = PBXVariantGroup;
			children = (
				1330EDE51375CE1100940DDB /* en */,
			);
			name = MainWindow.xib;
			sourceTree = "<group>";
		};
		1330EDEA1375CE1100940DDB /* FindItNowViewController.xib */ = {
			isa = PBXVariantGroup;
			children = (
				1330EDEB1375CE1100940DDB /* en */,
			);
			name = FindItNowViewController.xib;
			sourceTree = "<group>";
		};
		1330EDFB1375CE1100940DDB /* InfoPlist.strings */ = {
			isa = PBXVariantGroup;
			children = (
				1330EDFC1375CE1100940DDB /* en */,
			);
			name = InfoPlist.strings;
			sourceTree = "<group>";
		};
/* End PBXVariantGroup section */

/* Begin XCBuildConfiguration section */
		1330EE031375CE1100940DDB /* Debug */ = {
			isa = XCBuildConfiguration;
			buildSettings = {
				ARCHS = "$(ARCHS_STANDARD_32_BIT)";
				"CODE_SIGN_IDENTITY[sdk=iphoneos*]" = "iPhone Developer";
				GCC_C_LANGUAGE_STANDARD = gnu99;
				GCC_OPTIMIZATION_LEVEL = 0;
				GCC_PREPROCESSOR_DEFINITIONS = DEBUG;
				GCC_SYMBOLS_PRIVATE_EXTERN = NO;
				GCC_VERSION = com.apple.compilers.llvmgcc42;
				GCC_WARN_ABOUT_RETURN_TYPE = YES;
				GCC_WARN_UNUSED_VARIABLE = YES;
				IPHONEOS_DEPLOYMENT_TARGET = 4.3;
				SDKROOT = iphoneos;
			};
			name = Debug;
		};
		1330EE041375CE1100940DDB /* Release */ = {
			isa = XCBuildConfiguration;
			buildSettings = {
				ARCHS = "$(ARCHS_STANDARD_32_BIT)";
				"CODE_SIGN_IDENTITY[sdk=iphoneos*]" = "iPhone Developer";
				GCC_C_LANGUAGE_STANDARD = gnu99;
				GCC_VERSION = com.apple.compilers.llvmgcc42;
				GCC_WARN_ABOUT_RETURN_TYPE = YES;
				GCC_WARN_UNUSED_VARIABLE = YES;
				IPHONEOS_DEPLOYMENT_TARGET = 4.3;
				OTHER_CFLAGS = "-DNS_BLOCK_ASSERTIONS=1";
				SDKROOT = iphoneos;
			};
			name = Release;
		};
		1330EE061375CE1100940DDB /* Debug */ = {
			isa = XCBuildConfiguration;
			buildSettings = {
				ALWAYS_SEARCH_USER_PATHS = NO;
				COPY_PHASE_STRIP = NO;
				GCC_DYNAMIC_NO_PIC = NO;
				GCC_PRECOMPILE_PREFIX_HEADER = YES;
				GCC_PREFIX_HEADER = "FindItNow/FindItNow-Prefix.pch";
				INFOPLIST_FILE = "FindItNow/FindItNow-Info.plist";
				PRODUCT_NAME = "$(TARGET_NAME)";
				WRAPPER_EXTENSION = app;
			};
			name = Debug;
		};
		1330EE071375CE1100940DDB /* Release */ = {
			isa = XCBuildConfiguration;
			buildSettings = {
				ALWAYS_SEARCH_USER_PATHS = NO;
				COPY_PHASE_STRIP = YES;
				GCC_PRECOMPILE_PREFIX_HEADER = YES;
				GCC_PREFIX_HEADER = "FindItNow/FindItNow-Prefix.pch";
				INFOPLIST_FILE = "FindItNow/FindItNow-Info.plist";
				PRODUCT_NAME = "$(TARGET_NAME)";
				VALIDATE_PRODUCT = YES;
				WRAPPER_EXTENSION = app;
			};
			name = Release;
		};
		1330EE091375CE1100940DDB /* Debug */ = {
			isa = XCBuildConfiguration;
			buildSettings = {
				ALWAYS_SEARCH_USER_PATHS = NO;
				BUNDLE_LOADER = "$(BUILT_PRODUCTS_DIR)/FindItNow.app/FindItNow";
				FRAMEWORK_SEARCH_PATHS = (
					"$(SDKROOT)/Developer/Library/Frameworks",
					"$(DEVELOPER_LIBRARY_DIR)/Frameworks",
				);
				GCC_PRECOMPILE_PREFIX_HEADER = YES;
				GCC_PREFIX_HEADER = "FindItNowTests/FindItNowTests-Prefix.pch";
				INFOPLIST_FILE = "FindItNowTests/FindItNowTests-Info.plist";
				OTHER_LDFLAGS = (
					"-framework",
					SenTestingKit,
				);
				PRODUCT_NAME = "$(TARGET_NAME)";
				TEST_HOST = "$(BUNDLE_LOADER)";
				WRAPPER_EXTENSION = octest;
			};
			name = Debug;
		};
		1330EE0A1375CE1100940DDB /* Release */ = {
			isa = XCBuildConfiguration;
			buildSettings = {
				ALWAYS_SEARCH_USER_PATHS = NO;
				BUNDLE_LOADER = "$(BUILT_PRODUCTS_DIR)/FindItNow.app/FindItNow";
				FRAMEWORK_SEARCH_PATHS = (
					"$(SDKROOT)/Developer/Library/Frameworks",
					"$(DEVELOPER_LIBRARY_DIR)/Frameworks",
				);
				GCC_PRECOMPILE_PREFIX_HEADER = YES;
				GCC_PREFIX_HEADER = "FindItNowTests/FindItNowTests-Prefix.pch";
				INFOPLIST_FILE = "FindItNowTests/FindItNowTests-Info.plist";
				OTHER_LDFLAGS = (
					"-framework",
					SenTestingKit,
				);
				PRODUCT_NAME = "$(TARGET_NAME)";
				TEST_HOST = "$(BUNDLE_LOADER)";
				WRAPPER_EXTENSION = octest;
			};
			name = Release;
		};
/* End XCBuildConfiguration section */

/* Begin XCConfigurationList section */
		1330EDC81375CE1000940DDB /* Build configuration list for PBXProject "FindItNow" */ = {
			isa = XCConfigurationList;
			buildConfigurations = (
				1330EE031375CE1100940DDB /* Debug */,
				1330EE041375CE1100940DDB /* Release */,
			);
			defaultConfigurationIsVisible = 0;
			defaultConfigurationName = Release;
		};
		1330EE051375CE1100940DDB /* Build configuration list for PBXNativeTarget "FindItNow" */ = {
			isa = XCConfigurationList;
			buildConfigurations = (
				1330EE061375CE1100940DDB /* Debug */,
				1330EE071375CE1100940DDB /* Release */,
			);
			defaultConfigurationIsVisible = 0;
			defaultConfigurationName = Release;
		};
		1330EE081375CE1100940DDB /* Build configuration list for PBXNativeTarget "FindItNowTests" */ = {
			isa = XCConfigurationList;
			buildConfigurations = (
				1330EE091375CE1100940DDB /* Debug */,
				1330EE0A1375CE1100940DDB /* Release */,
			);
			defaultConfigurationIsVisible = 0;
			defaultConfigurationName = Release;
		};
/* End XCConfigurationList section */
	};
	rootObject = 1330EDC51375CE1000940DDB /* Project object */;
}
