// !$*UTF8*$!
{
	archiveVersion = 1;
	classes = {
	};
	objectVersion = 46;
	objects = {

/* Begin PBXBuildFile section */
		1330EDD31375CE1100940DDB /* UIKit.framework in Frameworks */ = {isa = PBXBuildFile; fileRef = 1330EDD21375CE1100940DDB /* UIKit.framework */; };
		1330EDD51375CE1100940DDB /* Foundation.framework in Frameworks */ = {isa = PBXBuildFile; fileRef = 1330EDD41375CE1100940DDB /* Foundation.framework */; };
		1330EDD71375CE1100940DDB /* CoreGraphics.framework in Frameworks */ = {isa = PBXBuildFile; fileRef = 1330EDD61375CE1100940DDB /* CoreGraphics.framework */; };
		1330EDDD1375CE1100940DDB /* InfoPlist.strings in Resources */ = {isa = PBXBuildFile; fileRef = 1330EDDB1375CE1100940DDB /* InfoPlist.strings */; };
		1330EDE01375CE1100940DDB /* main.m in Sources */ = {isa = PBXBuildFile; fileRef = 1330EDDF1375CE1100940DDB /* main.m */; };
		1330EDE31375CE1100940DDB /* FindItNowAppDelegate.m in Sources */ = {isa = PBXBuildFile; fileRef = 1330EDE21375CE1100940DDB /* FindItNowAppDelegate.m */; };
		1330EDE61375CE1100940DDB /* MainWindow.xib in Resources */ = {isa = PBXBuildFile; fileRef = 1330EDE41375CE1100940DDB /* MainWindow.xib */; };
		1330EDE91375CE1100940DDB /* FindItNowViewController.m in Sources */ = {isa = PBXBuildFile; fileRef = 1330EDE81375CE1100940DDB /* FindItNowViewController.m */; };
		1330EDEC1375CE1100940DDB /* FindItNowViewController.xib in Resources */ = {isa = PBXBuildFile; fileRef = 1330EDEA1375CE1100940DDB /* FindItNowViewController.xib */; };
		1330EDF31375CE1100940DDB /* UIKit.framework in Frameworks */ = {isa = PBXBuildFile; fileRef = 1330EDD21375CE1100940DDB /* UIKit.framework */; };
		1330EDF41375CE1100940DDB /* Foundation.framework in Frameworks */ = {isa = PBXBuildFile; fileRef = 1330EDD41375CE1100940DDB /* Foundation.framework */; };
		1330EDF51375CE1100940DDB /* CoreGraphics.framework in Frameworks */ = {isa = PBXBuildFile; fileRef = 1330EDD61375CE1100940DDB /* CoreGraphics.framework */; };
		1330EDFD1375CE1100940DDB /* InfoPlist.strings in Resources */ = {isa = PBXBuildFile; fileRef = 1330EDFB1375CE1100940DDB /* InfoPlist.strings */; };
		1330EE001375CE1100940DDB /* FindItNowTests.h in Resources */ = {isa = PBXBuildFile; fileRef = 1330EDFF1375CE1100940DDB /* FindItNowTests.h */; };
		1330EE021375CE1100940DDB /* FindItNowTests.m in Sources */ = {isa = PBXBuildFile; fileRef = 1330EE011375CE1100940DDB /* FindItNowTests.m */; };
		134432D713FB497E00EE6B2F /* ItemAnnotation.m in Sources */ = {isa = PBXBuildFile; fileRef = 134432D613FB497E00EE6B2F /* ItemAnnotation.m */; };
		1346537C13E495C6009E6A53 /* BuildingViewController.m in Sources */ = {isa = PBXBuildFile; fileRef = 1346536E13E495C6009E6A53 /* BuildingViewController.m */; };
		1346537D13E495C6009E6A53 /* BuildingViewController.xib in Resources */ = {isa = PBXBuildFile; fileRef = 1346536F13E495C6009E6A53 /* BuildingViewController.xib */; };
		1346537E13E495C6009E6A53 /* FindItNowViewController.xib in Resources */ = {isa = PBXBuildFile; fileRef = 1346537113E495C6009E6A53 /* FindItNowViewController.xib */; };
		1346537F13E495C6009E6A53 /* InfoPlist.strings in Resources */ = {isa = PBXBuildFile; fileRef = 1346537313E495C6009E6A53 /* InfoPlist.strings */; };
		1346538013E495C6009E6A53 /* MainWindow.xib in Resources */ = {isa = PBXBuildFile; fileRef = 1346537513E495C6009E6A53 /* MainWindow.xib */; };
		1346538113E495C6009E6A53 /* JSONKit.m in Sources */ = {isa = PBXBuildFile; fileRef = 1346537813E495C6009E6A53 /* JSONKit.m */; };
		1346538213E495C6009E6A53 /* MenuViewController.m in Sources */ = {isa = PBXBuildFile; fileRef = 1346537A13E495C6009E6A53 /* MenuViewController.m */; };
		1346538313E495C6009E6A53 /* MenuViewController.xib in Resources */ = {isa = PBXBuildFile; fileRef = 1346537B13E495C6009E6A53 /* MenuViewController.xib */; };
		1347641D14069951007CA179 /* atms_small.png in Resources */ = {isa = PBXBuildFile; fileRef = 1347640D14069951007CA179 /* atms_small.png */; };
		1347641E14069951007CA179 /* bike_racks_small.png in Resources */ = {isa = PBXBuildFile; fileRef = 1347640E14069951007CA179 /* bike_racks_small.png */; };
		1347641F14069951007CA179 /* buildings_small.png in Resources */ = {isa = PBXBuildFile; fileRef = 1347640F14069951007CA179 /* buildings_small.png */; };
		1347642014069951007CA179 /* coffee_small.png in Resources */ = {isa = PBXBuildFile; fileRef = 1347641014069951007CA179 /* coffee_small.png */; };
		1347642114069951007CA179 /* dining_small.png in Resources */ = {isa = PBXBuildFile; fileRef = 1347641114069951007CA179 /* dining_small.png */; };
		1347642214069951007CA179 /* FindItNowViewController.xib in Resources */ = {isa = PBXBuildFile; fileRef = 1347641314069951007CA179 /* FindItNowViewController.xib */; };
		1347642314069951007CA179 /* InfoPlist.strings in Resources */ = {isa = PBXBuildFile; fileRef = 1347641514069951007CA179 /* InfoPlist.strings */; };
		1347642414069951007CA179 /* MainWindow.xib in Resources */ = {isa = PBXBuildFile; fileRef = 1347641714069951007CA179 /* MainWindow.xib */; };
		1347642514069951007CA179 /* mailboxes_small.png in Resources */ = {isa = PBXBuildFile; fileRef = 1347641914069951007CA179 /* mailboxes_small.png */; };
		1347642614069951007CA179 /* restrooms_small.png in Resources */ = {isa = PBXBuildFile; fileRef = 1347641A14069951007CA179 /* restrooms_small.png */; };
		1347642714069951007CA179 /* school_supplies_small.png in Resources */ = {isa = PBXBuildFile; fileRef = 1347641B14069951007CA179 /* school_supplies_small.png */; };
		1347642814069951007CA179 /* vending_small.png in Resources */ = {isa = PBXBuildFile; fileRef = 1347641C14069951007CA179 /* vending_small.png */; };
		134D100114069D3E00A9B318 /* coffee.png in Resources */ = {isa = PBXBuildFile; fileRef = 134D100014069D3E00A9B318 /* coffee.png */; };
		136E920613ED93E5003799B6 /* MapKit.framework in Frameworks */ = {isa = PBXBuildFile; fileRef = 1330EE0B1375CE3E00940DDB /* MapKit.framework */; };
		136E920713ED93E8003799B6 /* CoreLocation.framework in Frameworks */ = {isa = PBXBuildFile; fileRef = 136E91FF13ED9358003799B6 /* CoreLocation.framework */; };
		136E920813ED93EA003799B6 /* libsqlite3.dylib in Frameworks */ = {isa = PBXBuildFile; fileRef = 1365764613E4AF990074429F /* libsqlite3.dylib */; };
		13EE3C0313E8BB290018A7C8 /* SQLiteManager.m in Sources */ = {isa = PBXBuildFile; fileRef = 13EE3C0213E8BB290018A7C8 /* SQLiteManager.m */; };
		13F801FE13FCA6D200817A5C /* Default.png in Resources */ = {isa = PBXBuildFile; fileRef = 13F801FD13FCA6D200817A5C /* Default.png */; };
		EA0D7C7113E514E900AE9E14 /* InfoPopUpView.m in Sources */ = {isa = PBXBuildFile; fileRef = EA0D7C7013E514E900AE9E14 /* InfoPopUpView.m */; };
		EA10F54113E7CAA300908E24 /* FloorInfoTableViewController.m in Sources */ = {isa = PBXBuildFile; fileRef = EA10F54013E7CAA300908E24 /* FloorInfoTableViewController.m */; };
		EA3CC10D13F390BB004FEE88 /* SubcategoryListController.m in Sources */ = {isa = PBXBuildFile; fileRef = EA3CC10C13F390BB004FEE88 /* SubcategoryListController.m */; };
		EA56B81C13FCE60F004BA2D1 /* SubcategoryListController.xib in Resources */ = {isa = PBXBuildFile; fileRef = EA56B81B13FCE60F004BA2D1 /* SubcategoryListController.xib */; };
		EA6A606113E9210200386C8D /* MapViewController.m in Sources */ = {isa = PBXBuildFile; fileRef = EA6A605F13E9210100386C8D /* MapViewController.m */; };
		EA6A606213E9210200386C8D /* MapViewController.xib in Resources */ = {isa = PBXBuildFile; fileRef = EA6A606013E9210200386C8D /* MapViewController.xib */; };
		EA783E0413F1116C00C5B918 /* atms_big.png in Resources */ = {isa = PBXBuildFile; fileRef = EA783DEF13F1116C00C5B918 /* atms_big.png */; };
		EA783E0513F1116C00C5B918 /* atms.png in Resources */ = {isa = PBXBuildFile; fileRef = EA783DF013F1116C00C5B918 /* atms.png */; };
		EA783E0613F1116C00C5B918 /* bike_racks_big.png in Resources */ = {isa = PBXBuildFile; fileRef = EA783DF113F1116C00C5B918 /* bike_racks_big.png */; };
		EA783E0713F1116C00C5B918 /* bike_racks.png in Resources */ = {isa = PBXBuildFile; fileRef = EA783DF213F1116C00C5B918 /* bike_racks.png */; };
		EA783E0813F1116C00C5B918 /* buildings_big.png in Resources */ = {isa = PBXBuildFile; fileRef = EA783DF313F1116C00C5B918 /* buildings_big.png */; };
		EA783E0913F1116C00C5B918 /* buildings_tab_icon.png in Resources */ = {isa = PBXBuildFile; fileRef = EA783DF413F1116C00C5B918 /* buildings_tab_icon.png */; };
		EA783E0A13F1116C00C5B918 /* buildings.png in Resources */ = {isa = PBXBuildFile; fileRef = EA783DF513F1116C00C5B918 /* buildings.png */; };
		EA783E0B13F1116C00C5B918 /* categories_tab_icon.png in Resources */ = {isa = PBXBuildFile; fileRef = EA783DF613F1116C00C5B918 /* categories_tab_icon.png */; };
		EA783E0C13F1116C00C5B918 /* coffee_big.png in Resources */ = {isa = PBXBuildFile; fileRef = EA783DF713F1116C00C5B918 /* coffee_big.png */; };
		EA783E0E13F1116C00C5B918 /* dining_big.png in Resources */ = {isa = PBXBuildFile; fileRef = EA783DF913F1116C00C5B918 /* dining_big.png */; };
		EA783E0F13F1116C00C5B918 /* dining.png in Resources */ = {isa = PBXBuildFile; fileRef = EA783DFA13F1116C00C5B918 /* dining.png */; };
		EA783E1013F1116C00C5B918 /* icon.png in Resources */ = {isa = PBXBuildFile; fileRef = EA783DFB13F1116C00C5B918 /* icon.png */; };
		EA783E1113F1116C00C5B918 /* mailboxes_big.png in Resources */ = {isa = PBXBuildFile; fileRef = EA783DFC13F1116C00C5B918 /* mailboxes_big.png */; };
		EA783E1213F1116C00C5B918 /* mailboxes.png in Resources */ = {isa = PBXBuildFile; fileRef = EA783DFD13F1116C00C5B918 /* mailboxes.png */; };
		EA783E1313F1116C00C5B918 /* restrooms_big.png in Resources */ = {isa = PBXBuildFile; fileRef = EA783DFE13F1116C00C5B918 /* restrooms_big.png */; };
		EA783E1413F1116C00C5B918 /* restrooms.png in Resources */ = {isa = PBXBuildFile; fileRef = EA783DFF13F1116C00C5B918 /* restrooms.png */; };
		EA783E1513F1116C00C5B918 /* school_supplies_big.png in Resources */ = {isa = PBXBuildFile; fileRef = EA783E0013F1116C00C5B918 /* school_supplies_big.png */; };
		EA783E1613F1116C00C5B918 /* school_supplies.png in Resources */ = {isa = PBXBuildFile; fileRef = EA783E0113F1116C00C5B918 /* school_supplies.png */; };
		EA783E1713F1116C00C5B918 /* vending_big.png in Resources */ = {isa = PBXBuildFile; fileRef = EA783E0213F1116C00C5B918 /* vending_big.png */; };
		EA783E1813F1116C00C5B918 /* vending.png in Resources */ = {isa = PBXBuildFile; fileRef = EA783E0313F1116C00C5B918 /* vending.png */; };
		EAD437FF1402242800BE6471 /* SetRegionTableController.m in Sources */ = {isa = PBXBuildFile; fileRef = EAD437FD1402242800BE6471 /* SetRegionTableController.m */; };
		EAD438001402242800BE6471 /* SetRegionTableController.xib in Resources */ = {isa = PBXBuildFile; fileRef = EAD437FE1402242800BE6471 /* SetRegionTableController.xib */; };
		EAD4380D14022BFE00BE6471 /* SetRegionViewController.m in Sources */ = {isa = PBXBuildFile; fileRef = EAD4380B14022BFD00BE6471 /* SetRegionViewController.m */; };
		EAD4380E14022BFE00BE6471 /* SetRegionViewController.xib in Resources */ = {isa = PBXBuildFile; fileRef = EAD4380C14022BFE00BE6471 /* SetRegionViewController.xib */; };
		EADA33FE140385AA001D886C /* HelpView.xib in Resources */ = {isa = PBXBuildFile; fileRef = EADA33FD140385A9001D886C /* HelpView.xib */; };
/* End PBXBuildFile section */

/* Begin PBXContainerItemProxy section */
		1330EDF61375CE1100940DDB /* PBXContainerItemProxy */ = {
			isa = PBXContainerItemProxy;
			containerPortal = 1330EDC51375CE1000940DDB /* Project object */;
			proxyType = 1;
			remoteGlobalIDString = 1330EDCD1375CE1000940DDB;
			remoteInfo = FindItNow;
		};
/* End PBXContainerItemProxy section */

/* Begin PBXFileReference section */
		1330EDCE1375CE1000940DDB /* FindItNow.app */ = {isa = PBXFileReference; explicitFileType = wrapper.application; includeInIndex = 0; path = FindItNow.app; sourceTree = BUILT_PRODUCTS_DIR; };
		1330EDD21375CE1100940DDB /* UIKit.framework */ = {isa = PBXFileReference; lastKnownFileType = wrapper.framework; name = UIKit.framework; path = System/Library/Frameworks/UIKit.framework; sourceTree = SDKROOT; };
		1330EDD41375CE1100940DDB /* Foundation.framework */ = {isa = PBXFileReference; lastKnownFileType = wrapper.framework; name = Foundation.framework; path = System/Library/Frameworks/Foundation.framework; sourceTree = SDKROOT; };
		1330EDD61375CE1100940DDB /* CoreGraphics.framework */ = {isa = PBXFileReference; lastKnownFileType = wrapper.framework; name = CoreGraphics.framework; path = System/Library/Frameworks/CoreGraphics.framework; sourceTree = SDKROOT; };
		1330EDDA1375CE1100940DDB /* FindItNow-Info.plist */ = {isa = PBXFileReference; lastKnownFileType = text.plist.xml; path = "FindItNow-Info.plist"; sourceTree = "<group>"; };
		1330EDDC1375CE1100940DDB /* en */ = {isa = PBXFileReference; lastKnownFileType = text.plist.strings; name = en; path = en.lproj/InfoPlist.strings; sourceTree = "<group>"; };
		1330EDDE1375CE1100940DDB /* FindItNow-Prefix.pch */ = {isa = PBXFileReference; lastKnownFileType = sourcecode.c.h; path = "FindItNow-Prefix.pch"; sourceTree = "<group>"; };
		1330EDDF1375CE1100940DDB /* main.m */ = {isa = PBXFileReference; lastKnownFileType = sourcecode.c.objc; path = main.m; sourceTree = "<group>"; };
		1330EDE11375CE1100940DDB /* FindItNowAppDelegate.h */ = {isa = PBXFileReference; lastKnownFileType = sourcecode.c.h; path = FindItNowAppDelegate.h; sourceTree = "<group>"; };
		1330EDE21375CE1100940DDB /* FindItNowAppDelegate.m */ = {isa = PBXFileReference; lastKnownFileType = sourcecode.c.objc; path = FindItNowAppDelegate.m; sourceTree = "<group>"; };
		1330EDE51375CE1100940DDB /* en */ = {isa = PBXFileReference; lastKnownFileType = file.xib; name = en; path = en.lproj/MainWindow.xib; sourceTree = "<group>"; };
		1330EDE71375CE1100940DDB /* FindItNowViewController.h */ = {isa = PBXFileReference; lastKnownFileType = sourcecode.c.h; path = FindItNowViewController.h; sourceTree = "<group>"; };
		1330EDE81375CE1100940DDB /* FindItNowViewController.m */ = {isa = PBXFileReference; lastKnownFileType = sourcecode.c.objc; path = FindItNowViewController.m; sourceTree = "<group>"; };
		1330EDEB1375CE1100940DDB /* en */ = {isa = PBXFileReference; lastKnownFileType = file.xib; name = en; path = en.lproj/FindItNowViewController.xib; sourceTree = "<group>"; };
		1330EDF21375CE1100940DDB /* FindItNowTests.octest */ = {isa = PBXFileReference; explicitFileType = wrapper.cfbundle; includeInIndex = 0; path = FindItNowTests.octest; sourceTree = BUILT_PRODUCTS_DIR; };
		1330EDFA1375CE1100940DDB /* FindItNowTests-Info.plist */ = {isa = PBXFileReference; lastKnownFileType = text.plist.xml; path = "FindItNowTests-Info.plist"; sourceTree = "<group>"; };
		1330EDFC1375CE1100940DDB /* en */ = {isa = PBXFileReference; lastKnownFileType = text.plist.strings; name = en; path = en.lproj/InfoPlist.strings; sourceTree = "<group>"; };
		1330EDFE1375CE1100940DDB /* FindItNowTests-Prefix.pch */ = {isa = PBXFileReference; lastKnownFileType = sourcecode.c.h; path = "FindItNowTests-Prefix.pch"; sourceTree = "<group>"; };
		1330EDFF1375CE1100940DDB /* FindItNowTests.h */ = {isa = PBXFileReference; lastKnownFileType = sourcecode.c.h; path = FindItNowTests.h; sourceTree = "<group>"; };
		1330EE011375CE1100940DDB /* FindItNowTests.m */ = {isa = PBXFileReference; lastKnownFileType = sourcecode.c.objc; path = FindItNowTests.m; sourceTree = "<group>"; };
		1330EE0B1375CE3E00940DDB /* MapKit.framework */ = {isa = PBXFileReference; lastKnownFileType = wrapper.framework; name = MapKit.framework; path = System/Library/Frameworks/MapKit.framework; sourceTree = SDKROOT; };
		134432D513FB497E00EE6B2F /* ItemAnnotation.h */ = {isa = PBXFileReference; fileEncoding = 4; lastKnownFileType = sourcecode.c.h; path = ItemAnnotation.h; sourceTree = "<group>"; };
		134432D613FB497E00EE6B2F /* ItemAnnotation.m */ = {isa = PBXFileReference; fileEncoding = 4; lastKnownFileType = sourcecode.c.objc; path = ItemAnnotation.m; sourceTree = "<group>"; };
		1346536D13E495C6009E6A53 /* BuildingViewController.h */ = {isa = PBXFileReference; fileEncoding = 4; lastKnownFileType = sourcecode.c.h; path = BuildingViewController.h; sourceTree = "<group>"; };
		1346536E13E495C6009E6A53 /* BuildingViewController.m */ = {isa = PBXFileReference; fileEncoding = 4; lastKnownFileType = sourcecode.c.objc; path = BuildingViewController.m; sourceTree = "<group>"; };
		1346536F13E495C6009E6A53 /* BuildingViewController.xib */ = {isa = PBXFileReference; fileEncoding = 4; lastKnownFileType = file.xib; path = BuildingViewController.xib; sourceTree = "<group>"; };
		1346537213E495C6009E6A53 /* en */ = {isa = PBXFileReference; lastKnownFileType = file.xib; name = en; path = FindItNowViewController.xib; sourceTree = "<group>"; };
		1346537413E495C6009E6A53 /* en */ = {isa = PBXFileReference; lastKnownFileType = text.plist.strings; name = en; path = InfoPlist.strings; sourceTree = "<group>"; };
		1346537613E495C6009E6A53 /* en */ = {isa = PBXFileReference; lastKnownFileType = file.xib; name = en; path = MainWindow.xib; sourceTree = "<group>"; };
		1346537713E495C6009E6A53 /* JSONKit.h */ = {isa = PBXFileReference; fileEncoding = 4; lastKnownFileType = sourcecode.c.h; path = JSONKit.h; sourceTree = "<group>"; };
		1346537813E495C6009E6A53 /* JSONKit.m */ = {isa = PBXFileReference; fileEncoding = 4; lastKnownFileType = sourcecode.c.objc; path = JSONKit.m; sourceTree = "<group>"; };
		1346537913E495C6009E6A53 /* MenuViewController.h */ = {isa = PBXFileReference; fileEncoding = 4; lastKnownFileType = sourcecode.c.h; path = MenuViewController.h; sourceTree = "<group>"; };
		1346537A13E495C6009E6A53 /* MenuViewController.m */ = {isa = PBXFileReference; fileEncoding = 4; lastKnownFileType = sourcecode.c.objc; path = MenuViewController.m; sourceTree = "<group>"; };
		1346537B13E495C6009E6A53 /* MenuViewController.xib */ = {isa = PBXFileReference; fileEncoding = 4; lastKnownFileType = file.xib; path = MenuViewController.xib; sourceTree = "<group>"; };
		1347640D14069951007CA179 /* atms_small.png */ = {isa = PBXFileReference; lastKnownFileType = image.png; path = atms_small.png; sourceTree = "<group>"; };
		1347640E14069951007CA179 /* bike_racks_small.png */ = {isa = PBXFileReference; lastKnownFileType = image.png; path = bike_racks_small.png; sourceTree = "<group>"; };
		1347640F14069951007CA179 /* buildings_small.png */ = {isa = PBXFileReference; lastKnownFileType = image.png; path = buildings_small.png; sourceTree = "<group>"; };
		1347641014069951007CA179 /* coffee_small.png */ = {isa = PBXFileReference; lastKnownFileType = image.png; path = coffee_small.png; sourceTree = "<group>"; };
		1347641114069951007CA179 /* dining_small.png */ = {isa = PBXFileReference; lastKnownFileType = image.png; path = dining_small.png; sourceTree = "<group>"; };
		1347641414069951007CA179 /* en */ = {isa = PBXFileReference; lastKnownFileType = file.xib; name = en; path = FindItNowViewController.xib; sourceTree = "<group>"; };
		1347641614069951007CA179 /* en */ = {isa = PBXFileReference; lastKnownFileType = text.plist.strings; name = en; path = InfoPlist.strings; sourceTree = "<group>"; };
		1347641814069951007CA179 /* en */ = {isa = PBXFileReference; lastKnownFileType = file.xib; name = en; path = MainWindow.xib; sourceTree = "<group>"; };
		1347641914069951007CA179 /* mailboxes_small.png */ = {isa = PBXFileReference; lastKnownFileType = image.png; path = mailboxes_small.png; sourceTree = "<group>"; };
		1347641A14069951007CA179 /* restrooms_small.png */ = {isa = PBXFileReference; lastKnownFileType = image.png; path = restrooms_small.png; sourceTree = "<group>"; };
		1347641B14069951007CA179 /* school_supplies_small.png */ = {isa = PBXFileReference; lastKnownFileType = image.png; path = school_supplies_small.png; sourceTree = "<group>"; };
		1347641C14069951007CA179 /* vending_small.png */ = {isa = PBXFileReference; lastKnownFileType = image.png; path = vending_small.png; sourceTree = "<group>"; };
		134D100014069D3E00A9B318 /* coffee.png */ = {isa = PBXFileReference; lastKnownFileType = image.png; path = coffee.png; sourceTree = "<group>"; };
		1365764613E4AF990074429F /* libsqlite3.dylib */ = {isa = PBXFileReference; lastKnownFileType = "compiled.mach-o.dylib"; name = libsqlite3.dylib; path = usr/lib/libsqlite3.dylib; sourceTree = SDKROOT; };
		136E91FF13ED9358003799B6 /* CoreLocation.framework */ = {isa = PBXFileReference; lastKnownFileType = wrapper.framework; name = CoreLocation.framework; path = System/Library/Frameworks/CoreLocation.framework; sourceTree = SDKROOT; };
		13EE3C0113E8BB290018A7C8 /* SQLiteManager.h */ = {isa = PBXFileReference; fileEncoding = 4; lastKnownFileType = sourcecode.c.h; path = SQLiteManager.h; sourceTree = "<group>"; };
		13EE3C0213E8BB290018A7C8 /* SQLiteManager.m */ = {isa = PBXFileReference; fileEncoding = 4; lastKnownFileType = sourcecode.c.objc; path = SQLiteManager.m; sourceTree = "<group>"; };
		13F801FD13FCA6D200817A5C /* Default.png */ = {isa = PBXFileReference; lastKnownFileType = image.png; path = Default.png; sourceTree = "<group>"; };
		EA0D7C6F13E514E900AE9E14 /* InfoPopUpView.h */ = {isa = PBXFileReference; fileEncoding = 4; lastKnownFileType = sourcecode.c.h; path = InfoPopUpView.h; sourceTree = "<group>"; };
		EA0D7C7013E514E900AE9E14 /* InfoPopUpView.m */ = {isa = PBXFileReference; fileEncoding = 4; lastKnownFileType = sourcecode.c.objc; path = InfoPopUpView.m; sourceTree = "<group>"; };
		EA10F53F13E7CAA300908E24 /* FloorInfoTableViewController.h */ = {isa = PBXFileReference; fileEncoding = 4; lastKnownFileType = sourcecode.c.h; path = FloorInfoTableViewController.h; sourceTree = "<group>"; };
		EA10F54013E7CAA300908E24 /* FloorInfoTableViewController.m */ = {isa = PBXFileReference; fileEncoding = 4; lastKnownFileType = sourcecode.c.objc; path = FloorInfoTableViewController.m; sourceTree = "<group>"; };
		EA3CC10B13F390BB004FEE88 /* SubcategoryListController.h */ = {isa = PBXFileReference; fileEncoding = 4; lastKnownFileType = sourcecode.c.h; path = SubcategoryListController.h; sourceTree = "<group>"; };
		EA3CC10C13F390BB004FEE88 /* SubcategoryListController.m */ = {isa = PBXFileReference; fileEncoding = 4; lastKnownFileType = sourcecode.c.objc; path = SubcategoryListController.m; sourceTree = "<group>"; };
		EA56B81B13FCE60F004BA2D1 /* SubcategoryListController.xib */ = {isa = PBXFileReference; fileEncoding = 4; lastKnownFileType = file.xib; path = SubcategoryListController.xib; sourceTree = "<group>"; };
		EA6A605E13E9210100386C8D /* MapViewController.h */ = {isa = PBXFileReference; fileEncoding = 4; lastKnownFileType = sourcecode.c.h; path = MapViewController.h; sourceTree = "<group>"; };
		EA6A605F13E9210100386C8D /* MapViewController.m */ = {isa = PBXFileReference; fileEncoding = 4; lastKnownFileType = sourcecode.c.objc; path = MapViewController.m; sourceTree = "<group>"; };
		EA6A606013E9210200386C8D /* MapViewController.xib */ = {isa = PBXFileReference; fileEncoding = 4; lastKnownFileType = file.xib; path = MapViewController.xib; sourceTree = "<group>"; };
		EA783DEF13F1116C00C5B918 /* atms_big.png */ = {isa = PBXFileReference; lastKnownFileType = image.png; path = atms_big.png; sourceTree = "<group>"; };
		EA783DF013F1116C00C5B918 /* atms.png */ = {isa = PBXFileReference; lastKnownFileType = image.png; path = atms.png; sourceTree = "<group>"; };
		EA783DF113F1116C00C5B918 /* bike_racks_big.png */ = {isa = PBXFileReference; lastKnownFileType = image.png; path = bike_racks_big.png; sourceTree = "<group>"; };
		EA783DF213F1116C00C5B918 /* bike_racks.png */ = {isa = PBXFileReference; lastKnownFileType = image.png; path = bike_racks.png; sourceTree = "<group>"; };
		EA783DF313F1116C00C5B918 /* buildings_big.png */ = {isa = PBXFileReference; lastKnownFileType = image.png; path = buildings_big.png; sourceTree = "<group>"; };
		EA783DF413F1116C00C5B918 /* buildings_tab_icon.png */ = {isa = PBXFileReference; lastKnownFileType = image.png; path = buildings_tab_icon.png; sourceTree = "<group>"; };
		EA783DF513F1116C00C5B918 /* buildings.png */ = {isa = PBXFileReference; lastKnownFileType = image.png; path = buildings.png; sourceTree = "<group>"; };
		EA783DF613F1116C00C5B918 /* categories_tab_icon.png */ = {isa = PBXFileReference; lastKnownFileType = image.png; path = categories_tab_icon.png; sourceTree = "<group>"; };
		EA783DF713F1116C00C5B918 /* coffee_big.png */ = {isa = PBXFileReference; lastKnownFileType = image.png; path = coffee_big.png; sourceTree = "<group>"; };
		EA783DF913F1116C00C5B918 /* dining_big.png */ = {isa = PBXFileReference; lastKnownFileType = image.png; path = dining_big.png; sourceTree = "<group>"; };
		EA783DFA13F1116C00C5B918 /* dining.png */ = {isa = PBXFileReference; lastKnownFileType = image.png; path = dining.png; sourceTree = "<group>"; };
		EA783DFB13F1116C00C5B918 /* icon.png */ = {isa = PBXFileReference; lastKnownFileType = image.png; path = icon.png; sourceTree = "<group>"; };
		EA783DFC13F1116C00C5B918 /* mailboxes_big.png */ = {isa = PBXFileReference; lastKnownFileType = image.png; path = mailboxes_big.png; sourceTree = "<group>"; };
		EA783DFD13F1116C00C5B918 /* mailboxes.png */ = {isa = PBXFileReference; lastKnownFileType = image.png; path = mailboxes.png; sourceTree = "<group>"; };
		EA783DFE13F1116C00C5B918 /* restrooms_big.png */ = {isa = PBXFileReference; lastKnownFileType = image.png; path = restrooms_big.png; sourceTree = "<group>"; };
		EA783DFF13F1116C00C5B918 /* restrooms.png */ = {isa = PBXFileReference; lastKnownFileType = image.png; path = restrooms.png; sourceTree = "<group>"; };
		EA783E0013F1116C00C5B918 /* school_supplies_big.png */ = {isa = PBXFileReference; lastKnownFileType = image.png; path = school_supplies_big.png; sourceTree = "<group>"; };
		EA783E0113F1116C00C5B918 /* school_supplies.png */ = {isa = PBXFileReference; lastKnownFileType = image.png; path = school_supplies.png; sourceTree = "<group>"; };
		EA783E0213F1116C00C5B918 /* vending_big.png */ = {isa = PBXFileReference; lastKnownFileType = image.png; path = vending_big.png; sourceTree = "<group>"; };
		EA783E0313F1116C00C5B918 /* vending.png */ = {isa = PBXFileReference; lastKnownFileType = image.png; path = vending.png; sourceTree = "<group>"; };
		EAD437FC1402242800BE6471 /* SetRegionTableController.h */ = {isa = PBXFileReference; fileEncoding = 4; lastKnownFileType = sourcecode.c.h; path = SetRegionTableController.h; sourceTree = "<group>"; };
		EAD437FD1402242800BE6471 /* SetRegionTableController.m */ = {isa = PBXFileReference; fileEncoding = 4; lastKnownFileType = sourcecode.c.objc; path = SetRegionTableController.m; sourceTree = "<group>"; };
		EAD437FE1402242800BE6471 /* SetRegionTableController.xib */ = {isa = PBXFileReference; fileEncoding = 4; lastKnownFileType = file.xib; path = SetRegionTableController.xib; sourceTree = "<group>"; };
		EAD4380A14022BFD00BE6471 /* SetRegionViewController.h */ = {isa = PBXFileReference; fileEncoding = 4; lastKnownFileType = sourcecode.c.h; path = SetRegionViewController.h; sourceTree = "<group>"; };
		EAD4380B14022BFD00BE6471 /* SetRegionViewController.m */ = {isa = PBXFileReference; fileEncoding = 4; lastKnownFileType = sourcecode.c.objc; path = SetRegionViewController.m; sourceTree = "<group>"; };
		EAD4380C14022BFE00BE6471 /* SetRegionViewController.xib */ = {isa = PBXFileReference; fileEncoding = 4; lastKnownFileType = file.xib; path = SetRegionViewController.xib; sourceTree = "<group>"; };
		EADA33FD140385A9001D886C /* HelpView.xib */ = {isa = PBXFileReference; fileEncoding = 4; lastKnownFileType = file.xib; path = HelpView.xib; sourceTree = "<group>"; };
/* End PBXFileReference section */

/* Begin PBXFrameworksBuildPhase section */
		1330EDCB1375CE1000940DDB /* Frameworks */ = {
			isa = PBXFrameworksBuildPhase;
			buildActionMask = 2147483647;
			files = (
				136E920613ED93E5003799B6 /* MapKit.framework in Frameworks */,
				136E920813ED93EA003799B6 /* libsqlite3.dylib in Frameworks */,
				1330EDD31375CE1100940DDB /* UIKit.framework in Frameworks */,
				1330EDD51375CE1100940DDB /* Foundation.framework in Frameworks */,
				136E920713ED93E8003799B6 /* CoreLocation.framework in Frameworks */,
				1330EDD71375CE1100940DDB /* CoreGraphics.framework in Frameworks */,
			);
			runOnlyForDeploymentPostprocessing = 0;
		};
		1330EDEE1375CE1100940DDB /* Frameworks */ = {
			isa = PBXFrameworksBuildPhase;
			buildActionMask = 2147483647;
			files = (
				1330EDF31375CE1100940DDB /* UIKit.framework in Frameworks */,
				1330EDF41375CE1100940DDB /* Foundation.framework in Frameworks */,
				1330EDF51375CE1100940DDB /* CoreGraphics.framework in Frameworks */,
			);
			runOnlyForDeploymentPostprocessing = 0;
		};
/* End PBXFrameworksBuildPhase section */

/* Begin PBXGroup section */
		1330EDC31375CE1000940DDB = {
			isa = PBXGroup;
			children = (
				1347641214069951007CA179 /* en.lproj */,
				1330EDD81375CE1100940DDB /* FindItNow */,
				1330EDF81375CE1100940DDB /* FindItNowTests */,
				1330EDD11375CE1000940DDB /* Frameworks */,
				1330EDCF1375CE1000940DDB /* Products */,
			);
			sourceTree = "<group>";
		};
		1330EDCF1375CE1000940DDB /* Products */ = {
			isa = PBXGroup;
			children = (
				1330EDCE1375CE1000940DDB /* FindItNow.app */,
				1330EDF21375CE1100940DDB /* FindItNowTests.octest */,
			);
			name = Products;
			sourceTree = "<group>";
		};
		1330EDD11375CE1000940DDB /* Frameworks */ = {
			isa = PBXGroup;
			children = (
				1365764613E4AF990074429F /* libsqlite3.dylib */,
				1330EE0B1375CE3E00940DDB /* MapKit.framework */,
				136E91FF13ED9358003799B6 /* CoreLocation.framework */,
				1330EDD21375CE1100940DDB /* UIKit.framework */,
				1330EDD41375CE1100940DDB /* Foundation.framework */,
				1330EDD61375CE1100940DDB /* CoreGraphics.framework */,
			);
			name = Frameworks;
			sourceTree = "<group>";
		};
		1330EDD81375CE1100940DDB /* FindItNow */ = {
			isa = PBXGroup;
			children = (
				134432D513FB497E00EE6B2F /* ItemAnnotation.h */,
				134432D613FB497E00EE6B2F /* ItemAnnotation.m */,
				13EE3C0113E8BB290018A7C8 /* SQLiteManager.h */,
				13EE3C0213E8BB290018A7C8 /* SQLiteManager.m */,
				EA10F53F13E7CAA300908E24 /* FloorInfoTableViewController.h */,
				EA10F54013E7CAA300908E24 /* FloorInfoTableViewController.m */,
				1346536D13E495C6009E6A53 /* BuildingViewController.h */,
				1346536E13E495C6009E6A53 /* BuildingViewController.m */,
				1346536F13E495C6009E6A53 /* BuildingViewController.xib */,
				EA3CC10B13F390BB004FEE88 /* SubcategoryListController.h */,
				EA3CC10C13F390BB004FEE88 /* SubcategoryListController.m */,
				EA56B81B13FCE60F004BA2D1 /* SubcategoryListController.xib */,
				1346537013E495C6009E6A53 /* en.lproj */,
				1346537713E495C6009E6A53 /* JSONKit.h */,
				1346537813E495C6009E6A53 /* JSONKit.m */,
				1346537913E495C6009E6A53 /* MenuViewController.h */,
				1346537A13E495C6009E6A53 /* MenuViewController.m */,
				1346537B13E495C6009E6A53 /* MenuViewController.xib */,
				1330EDE11375CE1100940DDB /* FindItNowAppDelegate.h */,
				1330EDE21375CE1100940DDB /* FindItNowAppDelegate.m */,
				EAD437FC1402242800BE6471 /* SetRegionTableController.h */,
				EAD4380A14022BFD00BE6471 /* SetRegionViewController.h */,
				EAD4380B14022BFD00BE6471 /* SetRegionViewController.m */,
				EAD4380C14022BFE00BE6471 /* SetRegionViewController.xib */,
				EAD437FD1402242800BE6471 /* SetRegionTableController.m */,
				EAD437FE1402242800BE6471 /* SetRegionTableController.xib */,
				1330EDE41375CE1100940DDB /* MainWindow.xib */,
				1330EDE71375CE1100940DDB /* FindItNowViewController.h */,
				1330EDE81375CE1100940DDB /* FindItNowViewController.m */,
				EADA33FD140385A9001D886C /* HelpView.xib */,
				1330EDEA1375CE1100940DDB /* FindItNowViewController.xib */,
				EA0D7C6F13E514E900AE9E14 /* InfoPopUpView.h */,
				EA0D7C7013E514E900AE9E14 /* InfoPopUpView.m */,
				EA6A605E13E9210100386C8D /* MapViewController.h */,
				EA6A605F13E9210100386C8D /* MapViewController.m */,
				EA6A606013E9210200386C8D /* MapViewController.xib */,
				1330EDD91375CE1100940DDB /* Supporting Files */,
			);
			path = FindItNow;
			sourceTree = "<group>";
		};
		1330EDD91375CE1100940DDB /* Supporting Files */ = {
			isa = PBXGroup;
			children = (
				134D100014069D3E00A9B318 /* coffee.png */,
				1347640D14069951007CA179 /* atms_small.png */,
				1347640E14069951007CA179 /* bike_racks_small.png */,
				1347640F14069951007CA179 /* buildings_small.png */,
				1347641014069951007CA179 /* coffee_small.png */,
				1347641114069951007CA179 /* dining_small.png */,
				1347641914069951007CA179 /* mailboxes_small.png */,
				1347641A14069951007CA179 /* restrooms_small.png */,
				1347641B14069951007CA179 /* school_supplies_small.png */,
				1347641C14069951007CA179 /* vending_small.png */,
				EA783DEF13F1116C00C5B918 /* atms_big.png */,
				EA783DF013F1116C00C5B918 /* atms.png */,
				EA783DF113F1116C00C5B918 /* bike_racks_big.png */,
				EA783DF213F1116C00C5B918 /* bike_racks.png */,
				EA783DF313F1116C00C5B918 /* buildings_big.png */,
				EA783DF413F1116C00C5B918 /* buildings_tab_icon.png */,
				EA783DF513F1116C00C5B918 /* buildings.png */,
				EA783DF613F1116C00C5B918 /* categories_tab_icon.png */,
				EA783DF713F1116C00C5B918 /* coffee_big.png */,
				EA783DF913F1116C00C5B918 /* dining_big.png */,
				EA783DFA13F1116C00C5B918 /* dining.png */,
				EA783DFB13F1116C00C5B918 /* icon.png */,
				EA783DFC13F1116C00C5B918 /* mailboxes_big.png */,
				EA783DFD13F1116C00C5B918 /* mailboxes.png */,
				EA783DFE13F1116C00C5B918 /* restrooms_big.png */,
				EA783DFF13F1116C00C5B918 /* restrooms.png */,
				EA783E0013F1116C00C5B918 /* school_supplies_big.png */,
				EA783E0113F1116C00C5B918 /* school_supplies.png */,
				13F801FD13FCA6D200817A5C /* Default.png */,
				EA783E0213F1116C00C5B918 /* vending_big.png */,
				EA783E0313F1116C00C5B918 /* vending.png */,
				1330EDDA1375CE1100940DDB /* FindItNow-Info.plist */,
				1330EDDB1375CE1100940DDB /* InfoPlist.strings */,
				1330EDDE1375CE1100940DDB /* FindItNow-Prefix.pch */,
				1330EDDF1375CE1100940DDB /* main.m */,
			);
			name = "Supporting Files";
			sourceTree = "<group>";
		};
		1330EDF81375CE1100940DDB /* FindItNowTests */ = {
			isa = PBXGroup;
			children = (
				1330EDFF1375CE1100940DDB /* FindItNowTests.h */,
				1330EE011375CE1100940DDB /* FindItNowTests.m */,
				1330EDF91375CE1100940DDB /* Supporting Files */,
			);
			path = FindItNowTests;
			sourceTree = "<group>";
		};
		1330EDF91375CE1100940DDB /* Supporting Files */ = {
			isa = PBXGroup;
			children = (
				1330EDFA1375CE1100940DDB /* FindItNowTests-Info.plist */,
				1330EDFB1375CE1100940DDB /* InfoPlist.strings */,
				1330EDFE1375CE1100940DDB /* FindItNowTests-Prefix.pch */,
			);
			name = "Supporting Files";
			sourceTree = "<group>";
		};
		1346537013E495C6009E6A53 /* en.lproj */ = {
			isa = PBXGroup;
			children = (
				1346537113E495C6009E6A53 /* FindItNowViewController.xib */,
				1346537313E495C6009E6A53 /* InfoPlist.strings */,
				1346537513E495C6009E6A53 /* MainWindow.xib */,
			);
			path = en.lproj;
			sourceTree = "<group>";
		};
		1347641214069951007CA179 /* en.lproj */ = {
			isa = PBXGroup;
			children = (
				1347641314069951007CA179 /* FindItNowViewController.xib */,
				1347641514069951007CA179 /* InfoPlist.strings */,
				1347641714069951007CA179 /* MainWindow.xib */,
			);
			name = en.lproj;
			path = FindItNow/en.lproj;
			sourceTree = "<group>";
		};
/* End PBXGroup section */

/* Begin PBXNativeTarget section */
		1330EDCD1375CE1000940DDB /* FindItNow */ = {
			isa = PBXNativeTarget;
			buildConfigurationList = 1330EE051375CE1100940DDB /* Build configuration list for PBXNativeTarget "FindItNow" */;
			buildPhases = (
				1330EDCA1375CE1000940DDB /* Sources */,
				1330EDCB1375CE1000940DDB /* Frameworks */,
				1330EDCC1375CE1000940DDB /* Resources */,
			);
			buildRules = (
			);
			dependencies = (
			);
			name = FindItNow;
			productName = FindItNow;
			productReference = 1330EDCE1375CE1000940DDB /* FindItNow.app */;
			productType = "com.apple.product-type.application";
		};
		1330EDF11375CE1100940DDB /* FindItNowTests */ = {
			isa = PBXNativeTarget;
			buildConfigurationList = 1330EE081375CE1100940DDB /* Build configuration list for PBXNativeTarget "FindItNowTests" */;
			buildPhases = (
				1330EDED1375CE1100940DDB /* Sources */,
				1330EDEE1375CE1100940DDB /* Frameworks */,
				1330EDEF1375CE1100940DDB /* Resources */,
				1330EDF01375CE1100940DDB /* ShellScript */,
			);
			buildRules = (
			);
			dependencies = (
				1330EDF71375CE1100940DDB /* PBXTargetDependency */,
			);
			name = FindItNowTests;
			productName = FindItNowTests;
			productReference = 1330EDF21375CE1100940DDB /* FindItNowTests.octest */;
			productType = "com.apple.product-type.bundle";
		};
/* End PBXNativeTarget section */

/* Begin PBXProject section */
		1330EDC51375CE1000940DDB /* Project object */ = {
			isa = PBXProject;
			attributes = {
				ORGANIZATIONNAME = "University of Washington";
			};
			buildConfigurationList = 1330EDC81375CE1000940DDB /* Build configuration list for PBXProject "FindItNow" */;
			compatibilityVersion = "Xcode 3.2";
			developmentRegion = English;
			hasScannedForEncodings = 0;
			knownRegions = (
				en,
			);
			mainGroup = 1330EDC31375CE1000940DDB;
			productRefGroup = 1330EDCF1375CE1000940DDB /* Products */;
			projectDirPath = "";
			projectRoot = "";
			targets = (
				1330EDCD1375CE1000940DDB /* FindItNow */,
				1330EDF11375CE1100940DDB /* FindItNowTests */,
			);
		};
/* End PBXProject section */

/* Begin PBXResourcesBuildPhase section */
		1330EDCC1375CE1000940DDB /* Resources */ = {
			isa = PBXResourcesBuildPhase;
			buildActionMask = 2147483647;
			files = (
				1330EDDD1375CE1100940DDB /* InfoPlist.strings in Resources */,
				1330EDE61375CE1100940DDB /* MainWindow.xib in Resources */,
				1330EDEC1375CE1100940DDB /* FindItNowViewController.xib in Resources */,
				1346537D13E495C6009E6A53 /* BuildingViewController.xib in Resources */,
				1346537E13E495C6009E6A53 /* FindItNowViewController.xib in Resources */,
				1346537F13E495C6009E6A53 /* InfoPlist.strings in Resources */,
				1346538013E495C6009E6A53 /* MainWindow.xib in Resources */,
				1346538313E495C6009E6A53 /* MenuViewController.xib in Resources */,
				EA6A606213E9210200386C8D /* MapViewController.xib in Resources */,
				EA783E0413F1116C00C5B918 /* atms_big.png in Resources */,
				EA783E0513F1116C00C5B918 /* atms.png in Resources */,
				EA783E0613F1116C00C5B918 /* bike_racks_big.png in Resources */,
				EA783E0713F1116C00C5B918 /* bike_racks.png in Resources */,
				EA783E0813F1116C00C5B918 /* buildings_big.png in Resources */,
				EA783E0913F1116C00C5B918 /* buildings_tab_icon.png in Resources */,
				EA783E0A13F1116C00C5B918 /* buildings.png in Resources */,
				EA783E0B13F1116C00C5B918 /* categories_tab_icon.png in Resources */,
				EA783E0C13F1116C00C5B918 /* coffee_big.png in Resources */,
				EA783E0E13F1116C00C5B918 /* dining_big.png in Resources */,
				EA783E0F13F1116C00C5B918 /* dining.png in Resources */,
				EA783E1013F1116C00C5B918 /* icon.png in Resources */,
				EA783E1113F1116C00C5B918 /* mailboxes_big.png in Resources */,
				EA783E1213F1116C00C5B918 /* mailboxes.png in Resources */,
				EA783E1313F1116C00C5B918 /* restrooms_big.png in Resources */,
				EA783E1413F1116C00C5B918 /* restrooms.png in Resources */,
				EA783E1513F1116C00C5B918 /* school_supplies_big.png in Resources */,
				EA783E1613F1116C00C5B918 /* school_supplies.png in Resources */,
				EA783E1713F1116C00C5B918 /* vending_big.png in Resources */,
				EA783E1813F1116C00C5B918 /* vending.png in Resources */,
				13F801FE13FCA6D200817A5C /* Default.png in Resources */,
				EA56B81C13FCE60F004BA2D1 /* SubcategoryListController.xib in Resources */,
				EAD438001402242800BE6471 /* SetRegionTableController.xib in Resources */,
				EAD4380E14022BFE00BE6471 /* SetRegionViewController.xib in Resources */,
				EADA33FE140385AA001D886C /* HelpView.xib in Resources */,
				1347641D14069951007CA179 /* atms_small.png in Resources */,
				1347641E14069951007CA179 /* bike_racks_small.png in Resources */,
				1347641F14069951007CA179 /* buildings_small.png in Resources */,
				1347642014069951007CA179 /* coffee_small.png in Resources */,
				1347642114069951007CA179 /* dining_small.png in Resources */,
				1347642214069951007CA179 /* FindItNowViewController.xib in Resources */,
				1347642314069951007CA179 /* InfoPlist.strings in Resources */,
				1347642414069951007CA179 /* MainWindow.xib in Resources */,
				1347642514069951007CA179 /* mailboxes_small.png in Resources */,
				1347642614069951007CA179 /* restrooms_small.png in Resources */,
				1347642714069951007CA179 /* school_supplies_small.png in Resources */,
				1347642814069951007CA179 /* vending_small.png in Resources */,
				134D100114069D3E00A9B318 /* coffee.png in Resources */,
			);
			runOnlyForDeploymentPostprocessing = 0;
		};
		1330EDEF1375CE1100940DDB /* Resources */ = {
			isa = PBXResourcesBuildPhase;
			buildActionMask = 2147483647;
			files = (
				1330EDFD1375CE1100940DDB /* InfoPlist.strings in Resources */,
				1330EE001375CE1100940DDB /* FindItNowTests.h in Resources */,
			);
			runOnlyForDeploymentPostprocessing = 0;
		};
/* End PBXResourcesBuildPhase section */

/* Begin PBXShellScriptBuildPhase section */
		1330EDF01375CE1100940DDB /* ShellScript */ = {
			isa = PBXShellScriptBuildPhase;
			buildActionMask = 2147483647;
			files = (
			);
			inputPaths = (
			);
			outputPaths = (
			);
			runOnlyForDeploymentPostprocessing = 0;
			shellPath = /bin/sh;
			shellScript = "# Run the unit tests in this test bundle.\n\"${SYSTEM_DEVELOPER_DIR}/Tools/RunUnitTests\"\n";
		};
/* End PBXShellScriptBuildPhase section */

/* Begin PBXSourcesBuildPhase section */
		1330EDCA1375CE1000940DDB /* Sources */ = {
			isa = PBXSourcesBuildPhase;
			buildActionMask = 2147483647;
			files = (
				1330EDE01375CE1100940DDB /* main.m in Sources */,
				1330EDE31375CE1100940DDB /* FindItNowAppDelegate.m in Sources */,
				1330EDE91375CE1100940DDB /* FindItNowViewController.m in Sources */,
				1346537C13E495C6009E6A53 /* BuildingViewController.m in Sources */,
				1346538113E495C6009E6A53 /* JSONKit.m in Sources */,
				1346538213E495C6009E6A53 /* MenuViewController.m in Sources */,
				EA0D7C7113E514E900AE9E14 /* InfoPopUpView.m in Sources */,
				EA10F54113E7CAA300908E24 /* FloorInfoTableViewController.m in Sources */,
				13EE3C0313E8BB290018A7C8 /* SQLiteManager.m in Sources */,
				EA6A606113E9210200386C8D /* MapViewController.m in Sources */,
				EA3CC10D13F390BB004FEE88 /* SubcategoryListController.m in Sources */,
				134432D713FB497E00EE6B2F /* ItemAnnotation.m in Sources */,
				EAD437FF1402242800BE6471 /* SetRegionTableController.m in Sources */,
				EAD4380D14022BFE00BE6471 /* SetRegionViewController.m in Sources */,
			);
			runOnlyForDeploymentPostprocessing = 0;
		};
		1330EDED1375CE1100940DDB /* Sources */ = {
			isa = PBXSourcesBuildPhase;
			buildActionMask = 2147483647;
			files = (
				1330EE021375CE1100940DDB /* FindItNowTests.m in Sources */,
			);
			runOnlyForDeploymentPostprocessing = 0;
		};
/* End PBXSourcesBuildPhase section */

/* Begin PBXTargetDependency section */
		1330EDF71375CE1100940DDB /* PBXTargetDependency */ = {
			isa = PBXTargetDependency;
			target = 1330EDCD1375CE1000940DDB /* FindItNow */;
			targetProxy = 1330EDF61375CE1100940DDB /* PBXContainerItemProxy */;
		};
/* End PBXTargetDependency section */

/* Begin PBXVariantGroup section */
		1330EDDB1375CE1100940DDB /* InfoPlist.strings */ = {
			isa = PBXVariantGroup;
			children = (
				1330EDDC1375CE1100940DDB /* en */,
			);
			name = InfoPlist.strings;
			sourceTree = "<group>";
		};
		1330EDE41375CE1100940DDB /* MainWindow.xib */ = {
			isa = PBXVariantGroup;
			children = (
				1330EDE51375CE1100940DDB /* en */,
			);
			name = MainWindow.xib;
			sourceTree = "<group>";
		};
		1330EDEA1375CE1100940DDB /* FindItNowViewController.xib */ = {
			isa = PBXVariantGroup;
			children = (
				1330EDEB1375CE1100940DDB /* en */,
			);
			name = FindItNowViewController.xib;
			sourceTree = "<group>";
		};
		1330EDFB1375CE1100940DDB /* InfoPlist.strings */ = {
			isa = PBXVariantGroup;
			children = (
				1330EDFC1375CE1100940DDB /* en */,
			);
			name = InfoPlist.strings;
			sourceTree = "<group>";
		};
		1346537113E495C6009E6A53 /* FindItNowViewController.xib */ = {
			isa = PBXVariantGroup;
			children = (
				1346537213E495C6009E6A53 /* en */,
			);
			name = FindItNowViewController.xib;
			sourceTree = "<group>";
		};
		1346537313E495C6009E6A53 /* InfoPlist.strings */ = {
			isa = PBXVariantGroup;
			children = (
				1346537413E495C6009E6A53 /* en */,
			);
			name = InfoPlist.strings;
			sourceTree = "<group>";
		};
		1346537513E495C6009E6A53 /* MainWindow.xib */ = {
			isa = PBXVariantGroup;
			children = (
				1346537613E495C6009E6A53 /* en */,
			);
			name = MainWindow.xib;
			sourceTree = "<group>";
		};
		1347641314069951007CA179 /* FindItNowViewController.xib */ = {
			isa = PBXVariantGroup;
			children = (
				1347641414069951007CA179 /* en */,
			);
			name = FindItNowViewController.xib;
			sourceTree = "<group>";
		};
		1347641514069951007CA179 /* InfoPlist.strings */ = {
			isa = PBXVariantGroup;
			children = (
				1347641614069951007CA179 /* en */,
			);
			name = InfoPlist.strings;
			sourceTree = "<group>";
		};
		1347641714069951007CA179 /* MainWindow.xib */ = {
			isa = PBXVariantGroup;
			children = (
				1347641814069951007CA179 /* en */,
			);
			name = MainWindow.xib;
			sourceTree = "<group>";
		};
/* End PBXVariantGroup section */

/* Begin XCBuildConfiguration section */
		1330EE031375CE1100940DDB /* Debug */ = {
			isa = XCBuildConfiguration;
			buildSettings = {
				ARCHS = "$(ARCHS_STANDARD_32_BIT)";
				"CODE_SIGN_IDENTITY[sdk=iphoneos*]" = "iPhone Developer";
				GCC_C_LANGUAGE_STANDARD = gnu99;
				GCC_OPTIMIZATION_LEVEL = 0;
				GCC_PREPROCESSOR_DEFINITIONS = DEBUG;
				GCC_SYMBOLS_PRIVATE_EXTERN = NO;
				GCC_VERSION = com.apple.compilers.llvmgcc42;
				GCC_WARN_ABOUT_RETURN_TYPE = YES;
				GCC_WARN_UNUSED_VARIABLE = YES;
				IPHONEOS_DEPLOYMENT_TARGET = 4.3;
				SDKROOT = iphoneos;
			};
			name = Debug;
		};
		1330EE041375CE1100940DDB /* Release */ = {
			isa = XCBuildConfiguration;
			buildSettings = {
				ARCHS = "$(ARCHS_STANDARD_32_BIT)";
				"CODE_SIGN_IDENTITY[sdk=iphoneos*]" = "iPhone Developer";
				GCC_C_LANGUAGE_STANDARD = gnu99;
				GCC_VERSION = com.apple.compilers.llvmgcc42;
				GCC_WARN_ABOUT_RETURN_TYPE = YES;
				GCC_WARN_UNUSED_VARIABLE = YES;
				IPHONEOS_DEPLOYMENT_TARGET = 4.3;
				OTHER_CFLAGS = "-DNS_BLOCK_ASSERTIONS=1";
				SDKROOT = iphoneos;
			};
			name = Release;
		};
		1330EE061375CE1100940DDB /* Debug */ = {
			isa = XCBuildConfiguration;
			buildSettings = {
				ALWAYS_SEARCH_USER_PATHS = NO;
				COPY_PHASE_STRIP = NO;
				GCC_DYNAMIC_NO_PIC = NO;
				GCC_PRECOMPILE_PREFIX_HEADER = YES;
				GCC_PREFIX_HEADER = "FindItNow/FindItNow-Prefix.pch";
				INFOPLIST_FILE = "FindItNow/FindItNow-Info.plist";
				IPHONEOS_DEPLOYMENT_TARGET = 4.3;
				PRODUCT_NAME = "$(TARGET_NAME)";
				VALIDATE_PRODUCT = NO;
				WRAPPER_EXTENSION = app;
			};
			name = Debug;
		};
		1330EE071375CE1100940DDB /* Release */ = {
			isa = XCBuildConfiguration;
			buildSettings = {
				ALWAYS_SEARCH_USER_PATHS = NO;
				COPY_PHASE_STRIP = YES;
				GCC_PRECOMPILE_PREFIX_HEADER = YES;
				GCC_PREFIX_HEADER = "FindItNow/FindItNow-Prefix.pch";
				INFOPLIST_FILE = "FindItNow/FindItNow-Info.plist";
				IPHONEOS_DEPLOYMENT_TARGET = 4.3;
				PRODUCT_NAME = "$(TARGET_NAME)";
				VALIDATE_PRODUCT = YES;
				WRAPPER_EXTENSION = app;
			};
			name = Release;
		};
		1330EE091375CE1100940DDB /* Debug */ = {
			isa = XCBuildConfiguration;
			buildSettings = {
				ALWAYS_SEARCH_USER_PATHS = NO;
				BUNDLE_LOADER = "$(BUILT_PRODUCTS_DIR)/FindItNow.app/FindItNow";
				FRAMEWORK_SEARCH_PATHS = (
					"$(SDKROOT)/Developer/Library/Frameworks",
					"$(DEVELOPER_LIBRARY_DIR)/Frameworks",
				);
				GCC_PRECOMPILE_PREFIX_HEADER = YES;
				GCC_PREFIX_HEADER = "FindItNowTests/FindItNowTests-Prefix.pch";
				INFOPLIST_FILE = "FindItNowTests/FindItNowTests-Info.plist";
				OTHER_LDFLAGS = (
					"-framework",
					SenTestingKit,
				);
				PRODUCT_NAME = "$(TARGET_NAME)";
				TEST_HOST = "$(BUNDLE_LOADER)";
				WRAPPER_EXTENSION = octest;
			};
			name = Debug;
		};
		1330EE0A1375CE1100940DDB /* Release */ = {
			isa = XCBuildConfiguration;
			buildSettings = {
				ALWAYS_SEARCH_USER_PATHS = NO;
				BUNDLE_LOADER = "$(BUILT_PRODUCTS_DIR)/FindItNow.app/FindItNow";
				FRAMEWORK_SEARCH_PATHS = (
					"$(SDKROOT)/Developer/Library/Frameworks",
					"$(DEVELOPER_LIBRARY_DIR)/Frameworks",
				);
				GCC_PRECOMPILE_PREFIX_HEADER = YES;
				GCC_PREFIX_HEADER = "FindItNowTests/FindItNowTests-Prefix.pch";
				INFOPLIST_FILE = "FindItNowTests/FindItNowTests-Info.plist";
				OTHER_LDFLAGS = (
					"-framework",
					SenTestingKit,
				);
				PRODUCT_NAME = "$(TARGET_NAME)";
				TEST_HOST = "$(BUNDLE_LOADER)";
				WRAPPER_EXTENSION = octest;
			};
			name = Release;
		};
/* End XCBuildConfiguration section */

/* Begin XCConfigurationList section */
		1330EDC81375CE1000940DDB /* Build configuration list for PBXProject "FindItNow" */ = {
			isa = XCConfigurationList;
			buildConfigurations = (
				1330EE031375CE1100940DDB /* Debug */,
				1330EE041375CE1100940DDB /* Release */,
			);
			defaultConfigurationIsVisible = 0;
			defaultConfigurationName = Release;
		};
		1330EE051375CE1100940DDB /* Build configuration list for PBXNativeTarget "FindItNow" */ = {
			isa = XCConfigurationList;
			buildConfigurations = (
				1330EE061375CE1100940DDB /* Debug */,
				1330EE071375CE1100940DDB /* Release */,
			);
			defaultConfigurationIsVisible = 0;
			defaultConfigurationName = Release;
		};
		1330EE081375CE1100940DDB /* Build configuration list for PBXNativeTarget "FindItNowTests" */ = {
			isa = XCConfigurationList;
			buildConfigurations = (
				1330EE091375CE1100940DDB /* Debug */,
				1330EE0A1375CE1100940DDB /* Release */,
			);
			defaultConfigurationIsVisible = 0;
			defaultConfigurationName = Release;
		};
/* End XCConfigurationList section */
	};
	rootObject = 1330EDC51375CE1000940DDB /* Project object */;
}
